
Microsoft Visual Studio Solution File, Format Version 12.00
# Visual Studio 15
VisualStudioVersion = 15.0.27703.2035
MinimumVisualStudioVersion = 10.0.40219.1
Project("{00D1A9C2-B5F0-4AF3-8072-F6C62B433612}") = "TGVE", "TGVE\TGVE.sqlproj", "{4EB59249-D13B-48E5-9BF1-E069698CB600}"
EndProject
Global
	GlobalSection(SolutionConfigurationPlatforms) = preSolution
		Debug|Any CPU = Debug|Any CPU
		Release|Any CPU = Release|Any CPU
	EndGlobalSection
	GlobalSection(ProjectConfigurationPlatforms) = postSolution
		{4EB59249-D13B-48E5-9BF1-E069698CB600}.Debug|Any CPU.ActiveCfg = Debug|Any CPU
		{4EB59249-D13B-48E5-9BF1-E069698CB600}.Debug|Any CPU.Build.0 = Debug|Any CPU
		{4EB59249-D13B-48E5-9BF1-E069698CB600}.Debug|Any CPU.Deploy.0 = Debug|Any CPU
		{4EB59249-D13B-48E5-9BF1-E069698CB600}.Release|Any CPU.ActiveCfg = Release|Any CPU
		{4EB59249-D13B-48E5-9BF1-E069698CB600}.Release|Any CPU.Build.0 = Release|Any CPU
		{4EB59249-D13B-48E5-9BF1-E069698CB600}.Release|Any CPU.Deploy.0 = Release|Any CPU
	EndGlobalSection
	GlobalSection(SolutionProperties) = preSolution
		HideSolutionNode = FALSE
	EndGlobalSection
	GlobalSection(ExtensibilityGlobals) = postSolution
		SolutionGuid = {8E53A4B8-F0F6-435A-890C-0AF7BDC8E401}
	EndGlobalSection
EndGlobal
